Microsoft Visual Studio Solution File, Format Version 12.00
# Visual Studio Version 17
VisualStudioVersion = 17.0.31903.59
MinimumVisualStudioVersion = 10.0.40219.1
Project("{2150E333-8FDC-42A3-9474-1A3956D46DE8}") = "src", "src", "{0B5D4C83-181F-44AD-8F24-95599BFD66B8}"
EndProject
Project("{2150E333-8FDC-42A3-9474-1A3956D46DE8}") = "tests", "tests", "{73CF9B6D-0B40-422E-8F55-9D0C134E9E37}"
EndProject
Project("{9A19103F-16F7-4668-BE54-9A1E7A4F7556}") = "CoreWCF.Primitives", "CoreWCF.Primitives\src\CoreWCF.Primitives.csproj", "{A2BBD98A-0862-414F-93A4-BAE0AE9AD654}"
EndProject
Project("{9A19103F-16F7-4668-BE54-9A1E7A4F7556}") = "CoreWCF.Http", "CoreWCF.Http\src\CoreWCF.Http.csproj", "{5261B584-C338-4573-B4A0-F76C56D89F6C}"
EndProject
Project("{9A19103F-16F7-4668-BE54-9A1E7A4F7556}") = "CoreWCF.NetTcp", "CoreWCF.NetTcp\src\CoreWCF.NetTcp.csproj", "{58568DAD-EF5D-4CA9-9812-2FAE30B849DB}"
EndProject
Project("{9A19103F-16F7-4668-BE54-9A1E7A4F7556}") = "CoreWCF.Http.Tests", "CoreWCF.Http\tests\CoreWCF.Http.Tests.csproj", "{7C01D118-BD40-4B0D-8728-6D61ED623081}"
EndProject
Project("{9A19103F-16F7-4668-BE54-9A1E7A4F7556}") = "CoreWCF.NetTcp.Tests", "CoreWCF.NetTcp\tests\CoreWCF.NetTcp.Tests.csproj", "{5C693BE3-CD4A-40C9-8105-93681BF5B5A6}"
EndProject
Project("{9A19103F-16F7-4668-BE54-9A1E7A4F7556}") = "CoreWCF.Primitives.Tests", "CoreWCF.Primitives\tests\CoreWCF.Primitives.Tests.csproj", "{0BAAF301-23F3-49AC-B167-B8A88565F95B}"
EndProject
Project("{2150E333-8FDC-42A3-9474-1A3956D46DE8}") = "Solution Items", "Solution Items", "{DAAE6286-93E2-4F2B-81D2-A32A9F024595}"
	ProjectSection(SolutionItems) = preProject
		.editorconfig = .editorconfig
		..\azure-pipelines-ci.yml = ..\azure-pipelines-ci.yml
		..\azure-pipelines.yml = ..\azure-pipelines.yml
		..\Directory.Build.props = ..\Directory.Build.props
		..\Directory.Build.targets = ..\Directory.Build.targets
		..\GitVersion.yml = ..\GitVersion.yml
		..\nuspec.props = ..\nuspec.props
		..\resources.props = ..\resources.props
		..\resources.targets = ..\resources.targets
	EndProjectSection
EndProject
Project("{2150E333-8FDC-42A3-9474-1A3956D46DE8}") = "templates", "templates", "{1026C1CC-83E8-444C-9B16-28E68C50A727}"
	ProjectSection(SolutionItems) = preProject
		..\templates\BuildStage.yml = ..\templates\BuildStage.yml
		..\templates\CodeSignStage.yml = ..\templates\CodeSignStage.yml
		..\templates\PackStage.yml = ..\templates\PackStage.yml
		..\templates\PublishStage.yml = ..\templates\PublishStage.yml
		..\templates\TestStage.yml = ..\templates\TestStage.yml
	EndProjectSection
EndProject
Project("{9A19103F-16F7-4668-BE54-9A1E7A4F7556}") = "CoreWCF.ConfigurationManager", "CoreWCF.ConfigurationManager\src\CoreWCF.ConfigurationManager.csproj", "{49146BDD-2797-4208-97CA-66811DF01FD2}"
EndProject
Project("{9A19103F-16F7-4668-BE54-9A1E7A4F7556}") = "CoreWCF.ConfigurationManager.Tests", "CoreWCF.ConfigurationManager\tests\CoreWCF.ConfigurationManager.Tests.csproj", "{323E3AD6-158E-4381-A021-98ABF664F7A7}"
EndProject
Project("{9A19103F-16F7-4668-BE54-9A1E7A4F7556}") = "CoreWCF.BuildTools.Roslyn4.0", "CoreWCF.BuildTools\src\CoreWCF.BuildTools.Roslyn4.0.csproj", "{2198079C-5EF7-4E57-9B78-7086E0A40035}"
EndProject
Project("{9A19103F-16F7-4668-BE54-9A1E7A4F7556}") = "CoreWCF.BuildTools.Roslyn3.11", "CoreWCF.BuildTools\src\CoreWCF.BuildTools.Roslyn3.11.csproj", "{B33DB0C4-15AD-49E5-8F63-9A03E2DCC70C}"
EndProject
Project("{9A19103F-16F7-4668-BE54-9A1E7A4F7556}") = "CoreWCF.BuildTools.Roslyn4.0.Tests", "CoreWCF.BuildTools\tests\CoreWCF.BuildTools.Roslyn4.0.Tests.csproj", "{ECAD36D8-53A0-43D8-9180-9E14FA2B2BA5}"
EndProject
Project("{9A19103F-16F7-4668-BE54-9A1E7A4F7556}") = "CoreWCF.BuildTools.Roslyn3.11.Tests", "CoreWCF.BuildTools\tests\CoreWCF.BuildTools.Roslyn3.11.Tests.csproj", "{DAFA72E9-55C6-4E37-AF4A-4D672AE62F00}"
EndProject
Project("{9A19103F-16F7-4668-BE54-9A1E7A4F7556}") = "CoreWCF.Metadata.Tests", "CoreWCF.Metadata\tests\CoreWCF.Metadata.Tests.csproj", "{F3DA1D42-DB34-480B-924B-EEF32E3FFC12}"
EndProject
Project("{9A19103F-16F7-4668-BE54-9A1E7A4F7556}") = "CoreWCF.WebHttp", "CoreWCF.WebHttp\src\CoreWCF.WebHttp.csproj", "{5D03B21C-2BBB-4A0F-B199-602A1308F21F}"
EndProject
Project("{9A19103F-16F7-4668-BE54-9A1E7A4F7556}") = "CoreWCF.WebHttp.Tests", "CoreWCF.WebHttp\tests\CoreWCF.WebHttp.Tests.csproj", "{22803727-267C-49FE-A12B-2D5CF8780583}"
EndProject
Project("{2150E333-8FDC-42A3-9474-1A3956D46DE8}") = "st-tests", "st-tests", "{164AB2B7-A244-4AC3-BACD-BEE65D137A15}"
EndProject
Project("{9A19103F-16F7-4668-BE54-9A1E7A4F7556}") = "TestServerWebHttp", "CoreWCF.WebHttp\st-tests\TestServer\TestServerWebHttp\TestServerWebHttp.csproj", "{B960E03D-917A-4371-9AA2-C3561E264629}"
EndProject
Project("{2150E333-8FDC-42A3-9474-1A3956D46DE8}") = "WebHttp", "WebHttp", "{BE09EDF3-BFD5-4FB6-990D-94D926B9995D}"
EndProject
Project("{9A19103F-16F7-4668-BE54-9A1E7A4F7556}") = "TestServerWebHttp.Interface", "CoreWCF.WebHttp\st-tests\TestServer\TestServerWebHttp.Interface\TestServerWebHttp.Interface.csproj", "{0DED2CA0-26FD-4911-B6BA-338BA9F8B927}"
EndProject
Project("{2150E333-8FDC-42A3-9474-1A3956D46DE8}") = "VideoIntegration", "VideoIntegration", "{05ACC859-B5B6-4B07-953B-44385A0F4EA0}"
EndProject
Project("{2150E333-8FDC-42A3-9474-1A3956D46DE8}") = "TestServer", "TestServer", "{BAEC3F8D-3369-473F-ACB8-8DDC76EE83A7}"
EndProject
Project("{9A19103F-16F7-4668-BE54-9A1E7A4F7556}") = "VideoIntegration.Server.Interface", "CoreWCF.WebHttp\st-tests\VideoIntegration\VideoIntegration.Server.Interface\VideoIntegration.Server.Interface.csproj", "{84C64288-E7DC-4316-8D4D-CFBF39865FFE}"
EndProject
Project("{2150E333-8FDC-42A3-9474-1A3956D46DE8}") = "WCFServices", "WCFServices", "{D908230C-35FD-4ACE-AABA-6A842609B9C6}"
EndProject
Project("{9A19103F-16F7-4668-BE54-9A1E7A4F7556}") = "BE-WCF", "CoreWCF.WebHttp\st-tests\WCFServices\BE-WCF\BE-WCF.csproj", "{BAFBC98B-366A-4206-B382-1944E3B7021C}"
EndProject
Project("{9A19103F-16F7-4668-BE54-9A1E7A4F7556}") = "VideoIntegration.Server", "CoreWCF.WebHttp\st-tests\VideoIntegration\VideoIntegration.Server\VideoIntegration.Server.csproj", "{786100F3-FBC1-4B03-8B64-15EE79FDF49D}"
EndProject
Project("{2150E333-8FDC-42A3-9474-1A3956D46DE8}") = "EventLogServer", "EventLogServer", "{E47A4CE6-3AD6-46FA-99EF-C25B5BE1394B}"
EndProject
Project("{9A19103F-16F7-4668-BE54-9A1E7A4F7556}") = "EventLog.Server", "CoreWCF.WebHttp\st-tests\EventLogServer\EventLog.Server\EventLog.Server.csproj", "{CD0FE2E2-8AFE-4E2F-9870-D4018125F8B7}"
EndProject
Project("{9A19103F-16F7-4668-BE54-9A1E7A4F7556}") = "EventLog.Server.Interface", "CoreWCF.WebHttp\st-tests\EventLogServer\EventLog.Server.Interface\EventLog.Server.Interface.csproj", "{4F8A70F3-604B-432D-AA92-F0085F138082}"
EndProject
Project("{2150E333-8FDC-42A3-9474-1A3956D46DE8}") = "ST-Projects", "ST-Projects", "{DC69ABB7-D50B-4272-AB10-369CBDBBFCCD}"
EndProject
Project("{2150E333-8FDC-42A3-9474-1A3956D46DE8}") = "Core", "Core", "{28FAD645-A0B1-473F-9746-3BDE9BCCB05B}"
EndProject
Project("{2150E333-8FDC-42A3-9474-1A3956D46DE8}") = "Utils", "Utils", "{1E354EB2-1924-484B-8426-6DD220C50F9F}"
EndProject
Project("{9A19103F-16F7-4668-BE54-9A1E7A4F7556}") = "EventLogServer", "CoreWCF.WebHttp\st-tests\EventLogServer\EventLogServer\EventLogServer.csproj", "{7C4A3779-7963-456D-9197-CAE3571812FD}"
EndProject
Project("{9A19103F-16F7-4668-BE54-9A1E7A4F7556}") = "Core.Interface", "CoreWCF.WebHttp\st-tests\Core.Core\Core.Interface\Core.Interface.csproj", "{00D895E5-964B-4BBE-A657-44134D360044}"
EndProject
Project("{9A19103F-16F7-4668-BE54-9A1E7A4F7556}") = "Core", "CoreWCF.WebHttp\st-tests\Core.Core\Core\Core.csproj", "{EA12E7E4-4429-473D-8D13-2982FD7E21F8}"
EndProject
Project("{9A19103F-16F7-4668-BE54-9A1E7A4F7556}") = "Utils.Core", "CoreWCF.WebHttp\st-tests\Utils.Core\Utils.Core\Utils.Core.csproj", "{C1ED9BF0-21B6-4A52-BB22-1E066C1AB097}"
EndProject
Project("{9A19103F-16F7-4668-BE54-9A1E7A4F7556}") = "Utils.Core.Dbi", "CoreWCF.WebHttp\st-tests\Utils.Core\Utils.Core.Dbi\Utils.Core.Dbi.csproj", "{2BD7039E-A8B1-4FB3-93CE-D4D26302213E}"
EndProject
Project("{9A19103F-16F7-4668-BE54-9A1E7A4F7556}") = "Utils.Core.CoreWCF", "CoreWCF.WebHttp\st-tests\Utils.Core\Utils.Core.CoreWCF\Utils.Core.CoreWCF.csproj", "{E5C24D2B-8CAD-431D-B032-A1E463A8FF49}"
EndProject
Project("{2150E333-8FDC-42A3-9474-1A3956D46DE8}") = "Server", "Server", "{CD6AC565-93DA-4E16-8220-1869E74D00B1}"
EndProject
Project("{9A19103F-16F7-4668-BE54-9A1E7A4F7556}") = "Server.Interface", "CoreWCF.WebHttp\st-tests\Server.Core\Server.Interface\Server.Interface.csproj", "{E9273957-D3E4-4C40-B926-32AE28F52991}"
EndProject
Project("{9A19103F-16F7-4668-BE54-9A1E7A4F7556}") = "Server", "CoreWCF.WebHttp\st-tests\Server.Core\Server\Server.csproj", "{5A501ADE-9B73-4B5F-887A-206148939986}"
EndProject
Project("{9A19103F-16F7-4668-BE54-9A1E7A4F7556}") = "Server.Runner", "CoreWCF.WebHttp\st-tests\Server.Core\Server.Runner\Server.Runner.csproj", "{F2FD8099-0F55-448A-8E17-9438A77CBA85}"
EndProject
Global
	GlobalSection(SolutionConfigurationPlatforms) = preSolution
		Debug|Any CPU = Debug|Any CPU
		Debug|x64 = Debug|x64
		Debug|x86 = Debug|x86
		Release|Any CPU = Release|Any CPU
		Release|x64 = Release|x64
		Release|x86 = Release|x86
	EndGlobalSection
	GlobalSection(ProjectConfigurationPlatforms) = postSolution
		{A2BBD98A-0862-414F-93A4-BAE0AE9AD654}.Debug|Any CPU.ActiveCfg = Debug|Any CPU
		{A2BBD98A-0862-414F-93A4-BAE0AE9AD654}.Debug|Any CPU.Build.0 = Debug|Any CPU
		{A2BBD98A-0862-414F-93A4-BAE0AE9AD654}.Debug|x64.ActiveCfg = Debug|Any CPU
		{A2BBD98A-0862-414F-93A4-BAE0AE9AD654}.Debug|x64.Build.0 = Debug|Any CPU
		{A2BBD98A-0862-414F-93A4-BAE0AE9AD654}.Debug|x86.ActiveCfg = Debug|Any CPU
		{A2BBD98A-0862-414F-93A4-BAE0AE9AD654}.Debug|x86.Build.0 = Debug|Any CPU
		{A2BBD98A-0862-414F-93A4-BAE0AE9AD654}.Release|Any CPU.ActiveCfg = Release|Any CPU
		{A2BBD98A-0862-414F-93A4-BAE0AE9AD654}.Release|Any CPU.Build.0 = Release|Any CPU
		{A2BBD98A-0862-414F-93A4-BAE0AE9AD654}.Release|x64.ActiveCfg = Release|Any CPU
		{A2BBD98A-0862-414F-93A4-BAE0AE9AD654}.Release|x64.Build.0 = Release|Any CPU
		{A2BBD98A-0862-414F-93A4-BAE0AE9AD654}.Release|x86.ActiveCfg = Release|Any CPU
		{A2BBD98A-0862-414F-93A4-BAE0AE9AD654}.Release|x86.Build.0 = Release|Any CPU
		{5261B584-C338-4573-B4A0-F76C56D89F6C}.Debug|Any CPU.ActiveCfg = Debug|Any CPU
		{5261B584-C338-4573-B4A0-F76C56D89F6C}.Debug|Any CPU.Build.0 = Debug|Any CPU
		{5261B584-C338-4573-B4A0-F76C56D89F6C}.Debug|x64.ActiveCfg = Debug|Any CPU
		{5261B584-C338-4573-B4A0-F76C56D89F6C}.Debug|x64.Build.0 = Debug|Any CPU
		{5261B584-C338-4573-B4A0-F76C56D89F6C}.Debug|x86.ActiveCfg = Debug|Any CPU
		{5261B584-C338-4573-B4A0-F76C56D89F6C}.Debug|x86.Build.0 = Debug|Any CPU
		{5261B584-C338-4573-B4A0-F76C56D89F6C}.Release|Any CPU.ActiveCfg = Release|Any CPU
		{5261B584-C338-4573-B4A0-F76C56D89F6C}.Release|Any CPU.Build.0 = Release|Any CPU
		{5261B584-C338-4573-B4A0-F76C56D89F6C}.Release|x64.ActiveCfg = Release|Any CPU
		{5261B584-C338-4573-B4A0-F76C56D89F6C}.Release|x64.Build.0 = Release|Any CPU
		{5261B584-C338-4573-B4A0-F76C56D89F6C}.Release|x86.ActiveCfg = Release|Any CPU
		{5261B584-C338-4573-B4A0-F76C56D89F6C}.Release|x86.Build.0 = Release|Any CPU
		{58568DAD-EF5D-4CA9-9812-2FAE30B849DB}.Debug|Any CPU.ActiveCfg = Debug|Any CPU
		{58568DAD-EF5D-4CA9-9812-2FAE30B849DB}.Debug|Any CPU.Build.0 = Debug|Any CPU
		{58568DAD-EF5D-4CA9-9812-2FAE30B849DB}.Debug|x64.ActiveCfg = Debug|Any CPU
		{58568DAD-EF5D-4CA9-9812-2FAE30B849DB}.Debug|x64.Build.0 = Debug|Any CPU
		{58568DAD-EF5D-4CA9-9812-2FAE30B849DB}.Debug|x86.ActiveCfg = Debug|Any CPU
		{58568DAD-EF5D-4CA9-9812-2FAE30B849DB}.Debug|x86.Build.0 = Debug|Any CPU
		{58568DAD-EF5D-4CA9-9812-2FAE30B849DB}.Release|Any CPU.ActiveCfg = Release|Any CPU
		{58568DAD-EF5D-4CA9-9812-2FAE30B849DB}.Release|Any CPU.Build.0 = Release|Any CPU
		{58568DAD-EF5D-4CA9-9812-2FAE30B849DB}.Release|x64.ActiveCfg = Release|Any CPU
		{58568DAD-EF5D-4CA9-9812-2FAE30B849DB}.Release|x64.Build.0 = Release|Any CPU
		{58568DAD-EF5D-4CA9-9812-2FAE30B849DB}.Release|x86.ActiveCfg = Release|Any CPU
		{58568DAD-EF5D-4CA9-9812-2FAE30B849DB}.Release|x86.Build.0 = Release|Any CPU
		{7C01D118-BD40-4B0D-8728-6D61ED623081}.Debug|Any CPU.ActiveCfg = Debug|Any CPU
		{7C01D118-BD40-4B0D-8728-6D61ED623081}.Debug|Any CPU.Build.0 = Debug|Any CPU
		{7C01D118-BD40-4B0D-8728-6D61ED623081}.Debug|x64.ActiveCfg = Debug|Any CPU
		{7C01D118-BD40-4B0D-8728-6D61ED623081}.Debug|x64.Build.0 = Debug|Any CPU
		{7C01D118-BD40-4B0D-8728-6D61ED623081}.Debug|x86.ActiveCfg = Debug|Any CPU
		{7C01D118-BD40-4B0D-8728-6D61ED623081}.Debug|x86.Build.0 = Debug|Any CPU
		{7C01D118-BD40-4B0D-8728-6D61ED623081}.Release|Any CPU.ActiveCfg = Release|Any CPU
		{7C01D118-BD40-4B0D-8728-6D61ED623081}.Release|Any CPU.Build.0 = Release|Any CPU
		{7C01D118-BD40-4B0D-8728-6D61ED623081}.Release|x64.ActiveCfg = Release|Any CPU
		{7C01D118-BD40-4B0D-8728-6D61ED623081}.Release|x64.Build.0 = Release|Any CPU
		{7C01D118-BD40-4B0D-8728-6D61ED623081}.Release|x86.ActiveCfg = Release|Any CPU
		{7C01D118-BD40-4B0D-8728-6D61ED623081}.Release|x86.Build.0 = Release|Any CPU
		{5C693BE3-CD4A-40C9-8105-93681BF5B5A6}.Debug|Any CPU.ActiveCfg = Debug|Any CPU
		{5C693BE3-CD4A-40C9-8105-93681BF5B5A6}.Debug|Any CPU.Build.0 = Debug|Any CPU
		{5C693BE3-CD4A-40C9-8105-93681BF5B5A6}.Debug|x64.ActiveCfg = Debug|Any CPU
		{5C693BE3-CD4A-40C9-8105-93681BF5B5A6}.Debug|x64.Build.0 = Debug|Any CPU
		{5C693BE3-CD4A-40C9-8105-93681BF5B5A6}.Debug|x86.ActiveCfg = Debug|Any CPU
		{5C693BE3-CD4A-40C9-8105-93681BF5B5A6}.Debug|x86.Build.0 = Debug|Any CPU
		{5C693BE3-CD4A-40C9-8105-93681BF5B5A6}.Release|Any CPU.ActiveCfg = Release|Any CPU
		{5C693BE3-CD4A-40C9-8105-93681BF5B5A6}.Release|Any CPU.Build.0 = Release|Any CPU
		{5C693BE3-CD4A-40C9-8105-93681BF5B5A6}.Release|x64.ActiveCfg = Release|Any CPU
		{5C693BE3-CD4A-40C9-8105-93681BF5B5A6}.Release|x64.Build.0 = Release|Any CPU
		{5C693BE3-CD4A-40C9-8105-93681BF5B5A6}.Release|x86.ActiveCfg = Release|Any CPU
		{5C693BE3-CD4A-40C9-8105-93681BF5B5A6}.Release|x86.Build.0 = Release|Any CPU
		{0BAAF301-23F3-49AC-B167-B8A88565F95B}.Debug|Any CPU.ActiveCfg = Debug|Any CPU
		{0BAAF301-23F3-49AC-B167-B8A88565F95B}.Debug|Any CPU.Build.0 = Debug|Any CPU
		{0BAAF301-23F3-49AC-B167-B8A88565F95B}.Debug|x64.ActiveCfg = Debug|Any CPU
		{0BAAF301-23F3-49AC-B167-B8A88565F95B}.Debug|x64.Build.0 = Debug|Any CPU
		{0BAAF301-23F3-49AC-B167-B8A88565F95B}.Debug|x86.ActiveCfg = Debug|Any CPU
		{0BAAF301-23F3-49AC-B167-B8A88565F95B}.Debug|x86.Build.0 = Debug|Any CPU
		{0BAAF301-23F3-49AC-B167-B8A88565F95B}.Release|Any CPU.ActiveCfg = Release|Any CPU
		{0BAAF301-23F3-49AC-B167-B8A88565F95B}.Release|Any CPU.Build.0 = Release|Any CPU
		{0BAAF301-23F3-49AC-B167-B8A88565F95B}.Release|x64.ActiveCfg = Release|Any CPU
		{0BAAF301-23F3-49AC-B167-B8A88565F95B}.Release|x64.Build.0 = Release|Any CPU
		{0BAAF301-23F3-49AC-B167-B8A88565F95B}.Release|x86.ActiveCfg = Release|Any CPU
		{0BAAF301-23F3-49AC-B167-B8A88565F95B}.Release|x86.Build.0 = Release|Any CPU
		{49146BDD-2797-4208-97CA-66811DF01FD2}.Debug|Any CPU.ActiveCfg = Debug|Any CPU
		{49146BDD-2797-4208-97CA-66811DF01FD2}.Debug|Any CPU.Build.0 = Debug|Any CPU
		{49146BDD-2797-4208-97CA-66811DF01FD2}.Debug|x64.ActiveCfg = Debug|Any CPU
		{49146BDD-2797-4208-97CA-66811DF01FD2}.Debug|x64.Build.0 = Debug|Any CPU
		{49146BDD-2797-4208-97CA-66811DF01FD2}.Debug|x86.ActiveCfg = Debug|Any CPU
		{49146BDD-2797-4208-97CA-66811DF01FD2}.Debug|x86.Build.0 = Debug|Any CPU
		{49146BDD-2797-4208-97CA-66811DF01FD2}.Release|Any CPU.ActiveCfg = Release|Any CPU
		{49146BDD-2797-4208-97CA-66811DF01FD2}.Release|Any CPU.Build.0 = Release|Any CPU
		{49146BDD-2797-4208-97CA-66811DF01FD2}.Release|x64.ActiveCfg = Release|Any CPU
		{49146BDD-2797-4208-97CA-66811DF01FD2}.Release|x64.Build.0 = Release|Any CPU
		{49146BDD-2797-4208-97CA-66811DF01FD2}.Release|x86.ActiveCfg = Release|Any CPU
		{49146BDD-2797-4208-97CA-66811DF01FD2}.Release|x86.Build.0 = Release|Any CPU
		{323E3AD6-158E-4381-A021-98ABF664F7A7}.Debug|Any CPU.ActiveCfg = Debug|Any CPU
		{323E3AD6-158E-4381-A021-98ABF664F7A7}.Debug|Any CPU.Build.0 = Debug|Any CPU
		{323E3AD6-158E-4381-A021-98ABF664F7A7}.Debug|x64.ActiveCfg = Debug|Any CPU
		{323E3AD6-158E-4381-A021-98ABF664F7A7}.Debug|x64.Build.0 = Debug|Any CPU
		{323E3AD6-158E-4381-A021-98ABF664F7A7}.Debug|x86.ActiveCfg = Debug|Any CPU
		{323E3AD6-158E-4381-A021-98ABF664F7A7}.Debug|x86.Build.0 = Debug|Any CPU
		{323E3AD6-158E-4381-A021-98ABF664F7A7}.Release|Any CPU.ActiveCfg = Release|Any CPU
		{323E3AD6-158E-4381-A021-98ABF664F7A7}.Release|Any CPU.Build.0 = Release|Any CPU
		{323E3AD6-158E-4381-A021-98ABF664F7A7}.Release|x64.ActiveCfg = Release|Any CPU
		{323E3AD6-158E-4381-A021-98ABF664F7A7}.Release|x64.Build.0 = Release|Any CPU
		{323E3AD6-158E-4381-A021-98ABF664F7A7}.Release|x86.ActiveCfg = Release|Any CPU
		{323E3AD6-158E-4381-A021-98ABF664F7A7}.Release|x86.Build.0 = Release|Any CPU
		{2198079C-5EF7-4E57-9B78-7086E0A40035}.Debug|Any CPU.ActiveCfg = Debug|Any CPU
		{2198079C-5EF7-4E57-9B78-7086E0A40035}.Debug|Any CPU.Build.0 = Debug|Any CPU
		{2198079C-5EF7-4E57-9B78-7086E0A40035}.Debug|x64.ActiveCfg = Debug|Any CPU
		{2198079C-5EF7-4E57-9B78-7086E0A40035}.Debug|x64.Build.0 = Debug|Any CPU
		{2198079C-5EF7-4E57-9B78-7086E0A40035}.Debug|x86.ActiveCfg = Debug|Any CPU
		{2198079C-5EF7-4E57-9B78-7086E0A40035}.Debug|x86.Build.0 = Debug|Any CPU
		{2198079C-5EF7-4E57-9B78-7086E0A40035}.Release|Any CPU.ActiveCfg = Release|Any CPU
		{2198079C-5EF7-4E57-9B78-7086E0A40035}.Release|Any CPU.Build.0 = Release|Any CPU
		{2198079C-5EF7-4E57-9B78-7086E0A40035}.Release|x64.ActiveCfg = Release|Any CPU
		{2198079C-5EF7-4E57-9B78-7086E0A40035}.Release|x64.Build.0 = Release|Any CPU
		{2198079C-5EF7-4E57-9B78-7086E0A40035}.Release|x86.ActiveCfg = Release|Any CPU
		{2198079C-5EF7-4E57-9B78-7086E0A40035}.Release|x86.Build.0 = Release|Any CPU
		{B33DB0C4-15AD-49E5-8F63-9A03E2DCC70C}.Debug|Any CPU.ActiveCfg = Debug|Any CPU
		{B33DB0C4-15AD-49E5-8F63-9A03E2DCC70C}.Debug|Any CPU.Build.0 = Debug|Any CPU
		{B33DB0C4-15AD-49E5-8F63-9A03E2DCC70C}.Debug|x64.ActiveCfg = Debug|Any CPU
		{B33DB0C4-15AD-49E5-8F63-9A03E2DCC70C}.Debug|x64.Build.0 = Debug|Any CPU
		{B33DB0C4-15AD-49E5-8F63-9A03E2DCC70C}.Debug|x86.ActiveCfg = Debug|Any CPU
		{B33DB0C4-15AD-49E5-8F63-9A03E2DCC70C}.Debug|x86.Build.0 = Debug|Any CPU
		{B33DB0C4-15AD-49E5-8F63-9A03E2DCC70C}.Release|Any CPU.ActiveCfg = Release|Any CPU
		{B33DB0C4-15AD-49E5-8F63-9A03E2DCC70C}.Release|Any CPU.Build.0 = Release|Any CPU
		{B33DB0C4-15AD-49E5-8F63-9A03E2DCC70C}.Release|x64.ActiveCfg = Release|Any CPU
		{B33DB0C4-15AD-49E5-8F63-9A03E2DCC70C}.Release|x64.Build.0 = Release|Any CPU
		{B33DB0C4-15AD-49E5-8F63-9A03E2DCC70C}.Release|x86.ActiveCfg = Release|Any CPU
		{B33DB0C4-15AD-49E5-8F63-9A03E2DCC70C}.Release|x86.Build.0 = Release|Any CPU
		{ECAD36D8-53A0-43D8-9180-9E14FA2B2BA5}.Debug|Any CPU.ActiveCfg = Debug|Any CPU
		{ECAD36D8-53A0-43D8-9180-9E14FA2B2BA5}.Debug|Any CPU.Build.0 = Debug|Any CPU
		{ECAD36D8-53A0-43D8-9180-9E14FA2B2BA5}.Debug|x64.ActiveCfg = Debug|Any CPU
		{ECAD36D8-53A0-43D8-9180-9E14FA2B2BA5}.Debug|x64.Build.0 = Debug|Any CPU
		{ECAD36D8-53A0-43D8-9180-9E14FA2B2BA5}.Debug|x86.ActiveCfg = Debug|Any CPU
		{ECAD36D8-53A0-43D8-9180-9E14FA2B2BA5}.Debug|x86.Build.0 = Debug|Any CPU
		{ECAD36D8-53A0-43D8-9180-9E14FA2B2BA5}.Release|Any CPU.ActiveCfg = Release|Any CPU
		{ECAD36D8-53A0-43D8-9180-9E14FA2B2BA5}.Release|Any CPU.Build.0 = Release|Any CPU
		{ECAD36D8-53A0-43D8-9180-9E14FA2B2BA5}.Release|x64.ActiveCfg = Release|Any CPU
		{ECAD36D8-53A0-43D8-9180-9E14FA2B2BA5}.Release|x64.Build.0 = Release|Any CPU
		{ECAD36D8-53A0-43D8-9180-9E14FA2B2BA5}.Release|x86.ActiveCfg = Release|Any CPU
		{ECAD36D8-53A0-43D8-9180-9E14FA2B2BA5}.Release|x86.Build.0 = Release|Any CPU
		{DAFA72E9-55C6-4E37-AF4A-4D672AE62F00}.Debug|Any CPU.ActiveCfg = Debug|Any CPU
		{DAFA72E9-55C6-4E37-AF4A-4D672AE62F00}.Debug|Any CPU.Build.0 = Debug|Any CPU
		{DAFA72E9-55C6-4E37-AF4A-4D672AE62F00}.Debug|x64.ActiveCfg = Debug|Any CPU
		{DAFA72E9-55C6-4E37-AF4A-4D672AE62F00}.Debug|x64.Build.0 = Debug|Any CPU
		{DAFA72E9-55C6-4E37-AF4A-4D672AE62F00}.Debug|x86.ActiveCfg = Debug|Any CPU
		{DAFA72E9-55C6-4E37-AF4A-4D672AE62F00}.Debug|x86.Build.0 = Debug|Any CPU
		{DAFA72E9-55C6-4E37-AF4A-4D672AE62F00}.Release|Any CPU.ActiveCfg = Release|Any CPU
		{DAFA72E9-55C6-4E37-AF4A-4D672AE62F00}.Release|Any CPU.Build.0 = Release|Any CPU
		{DAFA72E9-55C6-4E37-AF4A-4D672AE62F00}.Release|x64.ActiveCfg = Release|Any CPU
		{DAFA72E9-55C6-4E37-AF4A-4D672AE62F00}.Release|x64.Build.0 = Release|Any CPU
		{DAFA72E9-55C6-4E37-AF4A-4D672AE62F00}.Release|x86.ActiveCfg = Release|Any CPU
		{DAFA72E9-55C6-4E37-AF4A-4D672AE62F00}.Release|x86.Build.0 = Release|Any CPU
		{F3DA1D42-DB34-480B-924B-EEF32E3FFC12}.Debug|Any CPU.ActiveCfg = Debug|Any CPU
		{F3DA1D42-DB34-480B-924B-EEF32E3FFC12}.Debug|Any CPU.Build.0 = Debug|Any CPU
		{F3DA1D42-DB34-480B-924B-EEF32E3FFC12}.Debug|x64.ActiveCfg = Debug|Any CPU
		{F3DA1D42-DB34-480B-924B-EEF32E3FFC12}.Debug|x64.Build.0 = Debug|Any CPU
		{F3DA1D42-DB34-480B-924B-EEF32E3FFC12}.Debug|x86.ActiveCfg = Debug|Any CPU
		{F3DA1D42-DB34-480B-924B-EEF32E3FFC12}.Debug|x86.Build.0 = Debug|Any CPU
		{F3DA1D42-DB34-480B-924B-EEF32E3FFC12}.Release|Any CPU.ActiveCfg = Release|Any CPU
		{F3DA1D42-DB34-480B-924B-EEF32E3FFC12}.Release|Any CPU.Build.0 = Release|Any CPU
		{F3DA1D42-DB34-480B-924B-EEF32E3FFC12}.Release|x64.ActiveCfg = Release|Any CPU
		{F3DA1D42-DB34-480B-924B-EEF32E3FFC12}.Release|x64.Build.0 = Release|Any CPU
		{F3DA1D42-DB34-480B-924B-EEF32E3FFC12}.Release|x86.ActiveCfg = Release|Any CPU
		{F3DA1D42-DB34-480B-924B-EEF32E3FFC12}.Release|x86.Build.0 = Release|Any CPU
		{5D03B21C-2BBB-4A0F-B199-602A1308F21F}.Debug|Any CPU.ActiveCfg = Debug|Any CPU
		{5D03B21C-2BBB-4A0F-B199-602A1308F21F}.Debug|Any CPU.Build.0 = Debug|Any CPU
		{5D03B21C-2BBB-4A0F-B199-602A1308F21F}.Debug|x64.ActiveCfg = Debug|Any CPU
		{5D03B21C-2BBB-4A0F-B199-602A1308F21F}.Debug|x64.Build.0 = Debug|Any CPU
		{5D03B21C-2BBB-4A0F-B199-602A1308F21F}.Debug|x86.ActiveCfg = Debug|Any CPU
		{5D03B21C-2BBB-4A0F-B199-602A1308F21F}.Debug|x86.Build.0 = Debug|Any CPU
		{5D03B21C-2BBB-4A0F-B199-602A1308F21F}.Release|Any CPU.ActiveCfg = Release|Any CPU
		{5D03B21C-2BBB-4A0F-B199-602A1308F21F}.Release|Any CPU.Build.0 = Release|Any CPU
		{5D03B21C-2BBB-4A0F-B199-602A1308F21F}.Release|x64.ActiveCfg = Release|Any CPU
		{5D03B21C-2BBB-4A0F-B199-602A1308F21F}.Release|x64.Build.0 = Release|Any CPU
		{5D03B21C-2BBB-4A0F-B199-602A1308F21F}.Release|x86.ActiveCfg = Release|Any CPU
		{5D03B21C-2BBB-4A0F-B199-602A1308F21F}.Release|x86.Build.0 = Release|Any CPU
		{22803727-267C-49FE-A12B-2D5CF8780583}.Debug|Any CPU.ActiveCfg = Debug|Any CPU
		{22803727-267C-49FE-A12B-2D5CF8780583}.Debug|Any CPU.Build.0 = Debug|Any CPU
		{22803727-267C-49FE-A12B-2D5CF8780583}.Debug|x64.ActiveCfg = Debug|Any CPU
		{22803727-267C-49FE-A12B-2D5CF8780583}.Debug|x64.Build.0 = Debug|Any CPU
		{22803727-267C-49FE-A12B-2D5CF8780583}.Debug|x86.ActiveCfg = Debug|Any CPU
		{22803727-267C-49FE-A12B-2D5CF8780583}.Debug|x86.Build.0 = Debug|Any CPU
		{22803727-267C-49FE-A12B-2D5CF8780583}.Release|Any CPU.ActiveCfg = Release|Any CPU
		{22803727-267C-49FE-A12B-2D5CF8780583}.Release|Any CPU.Build.0 = Release|Any CPU
		{22803727-267C-49FE-A12B-2D5CF8780583}.Release|x64.ActiveCfg = Release|Any CPU
		{22803727-267C-49FE-A12B-2D5CF8780583}.Release|x64.Build.0 = Release|Any CPU
		{22803727-267C-49FE-A12B-2D5CF8780583}.Release|x86.ActiveCfg = Release|Any CPU
		{22803727-267C-49FE-A12B-2D5CF8780583}.Release|x86.Build.0 = Release|Any CPU
		{B960E03D-917A-4371-9AA2-C3561E264629}.Debug|Any CPU.ActiveCfg = Debug|Any CPU
		{B960E03D-917A-4371-9AA2-C3561E264629}.Debug|Any CPU.Build.0 = Debug|Any CPU
		{B960E03D-917A-4371-9AA2-C3561E264629}.Debug|x64.ActiveCfg = Debug|Any CPU
		{B960E03D-917A-4371-9AA2-C3561E264629}.Debug|x64.Build.0 = Debug|Any CPU
		{B960E03D-917A-4371-9AA2-C3561E264629}.Debug|x86.ActiveCfg = Debug|Any CPU
		{B960E03D-917A-4371-9AA2-C3561E264629}.Debug|x86.Build.0 = Debug|Any CPU
		{B960E03D-917A-4371-9AA2-C3561E264629}.Release|Any CPU.ActiveCfg = Release|Any CPU
		{B960E03D-917A-4371-9AA2-C3561E264629}.Release|Any CPU.Build.0 = Release|Any CPU
		{B960E03D-917A-4371-9AA2-C3561E264629}.Release|x64.ActiveCfg = Release|Any CPU
		{B960E03D-917A-4371-9AA2-C3561E264629}.Release|x64.Build.0 = Release|Any CPU
		{B960E03D-917A-4371-9AA2-C3561E264629}.Release|x86.ActiveCfg = Release|Any CPU
		{B960E03D-917A-4371-9AA2-C3561E264629}.Release|x86.Build.0 = Release|Any CPU
		{0DED2CA0-26FD-4911-B6BA-338BA9F8B927}.Debug|Any CPU.ActiveCfg = Debug|Any CPU
		{0DED2CA0-26FD-4911-B6BA-338BA9F8B927}.Debug|Any CPU.Build.0 = Debug|Any CPU
		{0DED2CA0-26FD-4911-B6BA-338BA9F8B927}.Debug|x64.ActiveCfg = Debug|Any CPU
		{0DED2CA0-26FD-4911-B6BA-338BA9F8B927}.Debug|x64.Build.0 = Debug|Any CPU
		{0DED2CA0-26FD-4911-B6BA-338BA9F8B927}.Debug|x86.ActiveCfg = Debug|Any CPU
		{0DED2CA0-26FD-4911-B6BA-338BA9F8B927}.Debug|x86.Build.0 = Debug|Any CPU
		{0DED2CA0-26FD-4911-B6BA-338BA9F8B927}.Release|Any CPU.ActiveCfg = Release|Any CPU
		{0DED2CA0-26FD-4911-B6BA-338BA9F8B927}.Release|Any CPU.Build.0 = Release|Any CPU
		{0DED2CA0-26FD-4911-B6BA-338BA9F8B927}.Release|x64.ActiveCfg = Release|Any CPU
		{0DED2CA0-26FD-4911-B6BA-338BA9F8B927}.Release|x64.Build.0 = Release|Any CPU
		{0DED2CA0-26FD-4911-B6BA-338BA9F8B927}.Release|x86.ActiveCfg = Release|Any CPU
		{0DED2CA0-26FD-4911-B6BA-338BA9F8B927}.Release|x86.Build.0 = Release|Any CPU
		{84C64288-E7DC-4316-8D4D-CFBF39865FFE}.Debug|Any CPU.ActiveCfg = Debug|Any CPU
		{84C64288-E7DC-4316-8D4D-CFBF39865FFE}.Debug|Any CPU.Build.0 = Debug|Any CPU
		{84C64288-E7DC-4316-8D4D-CFBF39865FFE}.Debug|x64.ActiveCfg = Debug|Any CPU
		{84C64288-E7DC-4316-8D4D-CFBF39865FFE}.Debug|x64.Build.0 = Debug|Any CPU
		{84C64288-E7DC-4316-8D4D-CFBF39865FFE}.Debug|x86.ActiveCfg = Debug|Any CPU
		{84C64288-E7DC-4316-8D4D-CFBF39865FFE}.Debug|x86.Build.0 = Debug|Any CPU
		{84C64288-E7DC-4316-8D4D-CFBF39865FFE}.Release|Any CPU.ActiveCfg = Release|Any CPU
		{84C64288-E7DC-4316-8D4D-CFBF39865FFE}.Release|Any CPU.Build.0 = Release|Any CPU
		{84C64288-E7DC-4316-8D4D-CFBF39865FFE}.Release|x64.ActiveCfg = Release|Any CPU
		{84C64288-E7DC-4316-8D4D-CFBF39865FFE}.Release|x64.Build.0 = Release|Any CPU
		{84C64288-E7DC-4316-8D4D-CFBF39865FFE}.Release|x86.ActiveCfg = Release|Any CPU
		{84C64288-E7DC-4316-8D4D-CFBF39865FFE}.Release|x86.Build.0 = Release|Any CPU
		{BAFBC98B-366A-4206-B382-1944E3B7021C}.Debug|Any CPU.ActiveCfg = Debug|Any CPU
		{BAFBC98B-366A-4206-B382-1944E3B7021C}.Debug|Any CPU.Build.0 = Debug|Any CPU
		{BAFBC98B-366A-4206-B382-1944E3B7021C}.Debug|x64.ActiveCfg = Debug|Any CPU
		{BAFBC98B-366A-4206-B382-1944E3B7021C}.Debug|x64.Build.0 = Debug|Any CPU
		{BAFBC98B-366A-4206-B382-1944E3B7021C}.Debug|x86.ActiveCfg = Debug|Any CPU
		{BAFBC98B-366A-4206-B382-1944E3B7021C}.Debug|x86.Build.0 = Debug|Any CPU
		{BAFBC98B-366A-4206-B382-1944E3B7021C}.Release|Any CPU.ActiveCfg = Release|Any CPU
		{BAFBC98B-366A-4206-B382-1944E3B7021C}.Release|Any CPU.Build.0 = Release|Any CPU
		{BAFBC98B-366A-4206-B382-1944E3B7021C}.Release|x64.ActiveCfg = Release|Any CPU
		{BAFBC98B-366A-4206-B382-1944E3B7021C}.Release|x64.Build.0 = Release|Any CPU
		{BAFBC98B-366A-4206-B382-1944E3B7021C}.Release|x86.ActiveCfg = Release|Any CPU
		{BAFBC98B-366A-4206-B382-1944E3B7021C}.Release|x86.Build.0 = Release|Any CPU
		{786100F3-FBC1-4B03-8B64-15EE79FDF49D}.Debug|Any CPU.ActiveCfg = Debug|Any CPU
		{786100F3-FBC1-4B03-8B64-15EE79FDF49D}.Debug|Any CPU.Build.0 = Debug|Any CPU
		{786100F3-FBC1-4B03-8B64-15EE79FDF49D}.Debug|x64.ActiveCfg = Debug|Any CPU
		{786100F3-FBC1-4B03-8B64-15EE79FDF49D}.Debug|x64.Build.0 = Debug|Any CPU
		{786100F3-FBC1-4B03-8B64-15EE79FDF49D}.Debug|x86.ActiveCfg = Debug|Any CPU
		{786100F3-FBC1-4B03-8B64-15EE79FDF49D}.Debug|x86.Build.0 = Debug|Any CPU
		{786100F3-FBC1-4B03-8B64-15EE79FDF49D}.Release|Any CPU.ActiveCfg = Release|Any CPU
		{786100F3-FBC1-4B03-8B64-15EE79FDF49D}.Release|Any CPU.Build.0 = Release|Any CPU
		{786100F3-FBC1-4B03-8B64-15EE79FDF49D}.Release|x64.ActiveCfg = Release|Any CPU
		{786100F3-FBC1-4B03-8B64-15EE79FDF49D}.Release|x64.Build.0 = Release|Any CPU
		{786100F3-FBC1-4B03-8B64-15EE79FDF49D}.Release|x86.ActiveCfg = Release|Any CPU
		{786100F3-FBC1-4B03-8B64-15EE79FDF49D}.Release|x86.Build.0 = Release|Any CPU
		{CD0FE2E2-8AFE-4E2F-9870-D4018125F8B7}.Debug|Any CPU.ActiveCfg = Debug|Any CPU
		{CD0FE2E2-8AFE-4E2F-9870-D4018125F8B7}.Debug|Any CPU.Build.0 = Debug|Any CPU
		{CD0FE2E2-8AFE-4E2F-9870-D4018125F8B7}.Debug|x64.ActiveCfg = Debug|Any CPU
		{CD0FE2E2-8AFE-4E2F-9870-D4018125F8B7}.Debug|x64.Build.0 = Debug|Any CPU
		{CD0FE2E2-8AFE-4E2F-9870-D4018125F8B7}.Debug|x86.ActiveCfg = Debug|Any CPU
		{CD0FE2E2-8AFE-4E2F-9870-D4018125F8B7}.Debug|x86.Build.0 = Debug|Any CPU
		{CD0FE2E2-8AFE-4E2F-9870-D4018125F8B7}.Release|Any CPU.ActiveCfg = Release|Any CPU
		{CD0FE2E2-8AFE-4E2F-9870-D4018125F8B7}.Release|Any CPU.Build.0 = Release|Any CPU
		{CD0FE2E2-8AFE-4E2F-9870-D4018125F8B7}.Release|x64.ActiveCfg = Release|Any CPU
		{CD0FE2E2-8AFE-4E2F-9870-D4018125F8B7}.Release|x64.Build.0 = Release|Any CPU
		{CD0FE2E2-8AFE-4E2F-9870-D4018125F8B7}.Release|x86.ActiveCfg = Release|Any CPU
		{CD0FE2E2-8AFE-4E2F-9870-D4018125F8B7}.Release|x86.Build.0 = Release|Any CPU
		{4F8A70F3-604B-432D-AA92-F0085F138082}.Debug|Any CPU.ActiveCfg = Debug|Any CPU
		{4F8A70F3-604B-432D-AA92-F0085F138082}.Debug|Any CPU.Build.0 = Debug|Any CPU
		{4F8A70F3-604B-432D-AA92-F0085F138082}.Debug|x64.ActiveCfg = Debug|Any CPU
		{4F8A70F3-604B-432D-AA92-F0085F138082}.Debug|x64.Build.0 = Debug|Any CPU
		{4F8A70F3-604B-432D-AA92-F0085F138082}.Debug|x86.ActiveCfg = Debug|Any CPU
		{4F8A70F3-604B-432D-AA92-F0085F138082}.Debug|x86.Build.0 = Debug|Any CPU
		{4F8A70F3-604B-432D-AA92-F0085F138082}.Release|Any CPU.ActiveCfg = Release|Any CPU
		{4F8A70F3-604B-432D-AA92-F0085F138082}.Release|Any CPU.Build.0 = Release|Any CPU
		{4F8A70F3-604B-432D-AA92-F0085F138082}.Release|x64.ActiveCfg = Release|Any CPU
		{4F8A70F3-604B-432D-AA92-F0085F138082}.Release|x64.Build.0 = Release|Any CPU
		{4F8A70F3-604B-432D-AA92-F0085F138082}.Release|x86.ActiveCfg = Release|Any CPU
		{4F8A70F3-604B-432D-AA92-F0085F138082}.Release|x86.Build.0 = Release|Any CPU
		{7C4A3779-7963-456D-9197-CAE3571812FD}.Debug|Any CPU.ActiveCfg = Debug|Any CPU
		{7C4A3779-7963-456D-9197-CAE3571812FD}.Debug|Any CPU.Build.0 = Debug|Any CPU
		{7C4A3779-7963-456D-9197-CAE3571812FD}.Debug|x64.ActiveCfg = Debug|Any CPU
		{7C4A3779-7963-456D-9197-CAE3571812FD}.Debug|x64.Build.0 = Debug|Any CPU
		{7C4A3779-7963-456D-9197-CAE3571812FD}.Debug|x86.ActiveCfg = Debug|Any CPU
		{7C4A3779-7963-456D-9197-CAE3571812FD}.Debug|x86.Build.0 = Debug|Any CPU
		{7C4A3779-7963-456D-9197-CAE3571812FD}.Release|Any CPU.ActiveCfg = Release|Any CPU
		{7C4A3779-7963-456D-9197-CAE3571812FD}.Release|Any CPU.Build.0 = Release|Any CPU
		{7C4A3779-7963-456D-9197-CAE3571812FD}.Release|x64.ActiveCfg = Release|Any CPU
		{7C4A3779-7963-456D-9197-CAE3571812FD}.Release|x64.Build.0 = Release|Any CPU
		{7C4A3779-7963-456D-9197-CAE3571812FD}.Release|x86.ActiveCfg = Release|Any CPU
		{7C4A3779-7963-456D-9197-CAE3571812FD}.Release|x86.Build.0 = Release|Any CPU
		{00D895E5-964B-4BBE-A657-44134D360044}.Debug|Any CPU.ActiveCfg = Debug|Any CPU
		{00D895E5-964B-4BBE-A657-44134D360044}.Debug|Any CPU.Build.0 = Debug|Any CPU
		{00D895E5-964B-4BBE-A657-44134D360044}.Debug|x64.ActiveCfg = Debug|Any CPU
		{00D895E5-964B-4BBE-A657-44134D360044}.Debug|x64.Build.0 = Debug|Any CPU
		{00D895E5-964B-4BBE-A657-44134D360044}.Debug|x86.ActiveCfg = Debug|Any CPU
		{00D895E5-964B-4BBE-A657-44134D360044}.Debug|x86.Build.0 = Debug|Any CPU
		{00D895E5-964B-4BBE-A657-44134D360044}.Release|Any CPU.ActiveCfg = Release|Any CPU
		{00D895E5-964B-4BBE-A657-44134D360044}.Release|Any CPU.Build.0 = Release|Any CPU
		{00D895E5-964B-4BBE-A657-44134D360044}.Release|x64.ActiveCfg = Release|Any CPU
		{00D895E5-964B-4BBE-A657-44134D360044}.Release|x64.Build.0 = Release|Any CPU
		{00D895E5-964B-4BBE-A657-44134D360044}.Release|x86.ActiveCfg = Release|Any CPU
		{00D895E5-964B-4BBE-A657-44134D360044}.Release|x86.Build.0 = Release|Any CPU
		{EA12E7E4-4429-473D-8D13-2982FD7E21F8}.Debug|Any CPU.ActiveCfg = Debug|Any CPU
		{EA12E7E4-4429-473D-8D13-2982FD7E21F8}.Debug|Any CPU.Build.0 = Debug|Any CPU
		{EA12E7E4-4429-473D-8D13-2982FD7E21F8}.Debug|x64.ActiveCfg = Debug|Any CPU
		{EA12E7E4-4429-473D-8D13-2982FD7E21F8}.Debug|x64.Build.0 = Debug|Any CPU
		{EA12E7E4-4429-473D-8D13-2982FD7E21F8}.Debug|x86.ActiveCfg = Debug|Any CPU
		{EA12E7E4-4429-473D-8D13-2982FD7E21F8}.Debug|x86.Build.0 = Debug|Any CPU
		{EA12E7E4-4429-473D-8D13-2982FD7E21F8}.Release|Any CPU.ActiveCfg = Release|Any CPU
		{EA12E7E4-4429-473D-8D13-2982FD7E21F8}.Release|Any CPU.Build.0 = Release|Any CPU
		{EA12E7E4-4429-473D-8D13-2982FD7E21F8}.Release|x64.ActiveCfg = Release|Any CPU
		{EA12E7E4-4429-473D-8D13-2982FD7E21F8}.Release|x64.Build.0 = Release|Any CPU
		{EA12E7E4-4429-473D-8D13-2982FD7E21F8}.Release|x86.ActiveCfg = Release|Any CPU
		{EA12E7E4-4429-473D-8D13-2982FD7E21F8}.Release|x86.Build.0 = Release|Any CPU
		{C1ED9BF0-21B6-4A52-BB22-1E066C1AB097}.Debug|Any CPU.ActiveCfg = Debug|Any CPU
		{C1ED9BF0-21B6-4A52-BB22-1E066C1AB097}.Debug|Any CPU.Build.0 = Debug|Any CPU
		{C1ED9BF0-21B6-4A52-BB22-1E066C1AB097}.Debug|x64.ActiveCfg = Debug|Any CPU
		{C1ED9BF0-21B6-4A52-BB22-1E066C1AB097}.Debug|x64.Build.0 = Debug|Any CPU
		{C1ED9BF0-21B6-4A52-BB22-1E066C1AB097}.Debug|x86.ActiveCfg = Debug|Any CPU
		{C1ED9BF0-21B6-4A52-BB22-1E066C1AB097}.Debug|x86.Build.0 = Debug|Any CPU
		{C1ED9BF0-21B6-4A52-BB22-1E066C1AB097}.Release|Any CPU.ActiveCfg = Release|Any CPU
		{C1ED9BF0-21B6-4A52-BB22-1E066C1AB097}.Release|Any CPU.Build.0 = Release|Any CPU
		{C1ED9BF0-21B6-4A52-BB22-1E066C1AB097}.Release|x64.ActiveCfg = Release|Any CPU
		{C1ED9BF0-21B6-4A52-BB22-1E066C1AB097}.Release|x64.Build.0 = Release|Any CPU
		{C1ED9BF0-21B6-4A52-BB22-1E066C1AB097}.Release|x86.ActiveCfg = Release|Any CPU
		{C1ED9BF0-21B6-4A52-BB22-1E066C1AB097}.Release|x86.Build.0 = Release|Any CPU
		{2BD7039E-A8B1-4FB3-93CE-D4D26302213E}.Debug|Any CPU.ActiveCfg = Debug|Any CPU
		{2BD7039E-A8B1-4FB3-93CE-D4D26302213E}.Debug|Any CPU.Build.0 = Debug|Any CPU
		{2BD7039E-A8B1-4FB3-93CE-D4D26302213E}.Debug|x64.ActiveCfg = Debug|Any CPU
		{2BD7039E-A8B1-4FB3-93CE-D4D26302213E}.Debug|x64.Build.0 = Debug|Any CPU
		{2BD7039E-A8B1-4FB3-93CE-D4D26302213E}.Debug|x86.ActiveCfg = Debug|Any CPU
		{2BD7039E-A8B1-4FB3-93CE-D4D26302213E}.Debug|x86.Build.0 = Debug|Any CPU
		{2BD7039E-A8B1-4FB3-93CE-D4D26302213E}.Release|Any CPU.ActiveCfg = Release|Any CPU
		{2BD7039E-A8B1-4FB3-93CE-D4D26302213E}.Release|Any CPU.Build.0 = Release|Any CPU
		{2BD7039E-A8B1-4FB3-93CE-D4D26302213E}.Release|x64.ActiveCfg = Release|Any CPU
		{2BD7039E-A8B1-4FB3-93CE-D4D26302213E}.Release|x64.Build.0 = Release|Any CPU
		{2BD7039E-A8B1-4FB3-93CE-D4D26302213E}.Release|x86.ActiveCfg = Release|Any CPU
		{2BD7039E-A8B1-4FB3-93CE-D4D26302213E}.Release|x86.Build.0 = Release|Any CPU
		{E5C24D2B-8CAD-431D-B032-A1E463A8FF49}.Debug|Any CPU.ActiveCfg = Debug|Any CPU
		{E5C24D2B-8CAD-431D-B032-A1E463A8FF49}.Debug|Any CPU.Build.0 = Debug|Any CPU
		{E5C24D2B-8CAD-431D-B032-A1E463A8FF49}.Debug|x64.ActiveCfg = Debug|Any CPU
		{E5C24D2B-8CAD-431D-B032-A1E463A8FF49}.Debug|x64.Build.0 = Debug|Any CPU
		{E5C24D2B-8CAD-431D-B032-A1E463A8FF49}.Debug|x86.ActiveCfg = Debug|Any CPU
		{E5C24D2B-8CAD-431D-B032-A1E463A8FF49}.Debug|x86.Build.0 = Debug|Any CPU
		{E5C24D2B-8CAD-431D-B032-A1E463A8FF49}.Release|Any CPU.ActiveCfg = Release|Any CPU
		{E5C24D2B-8CAD-431D-B032-A1E463A8FF49}.Release|Any CPU.Build.0 = Release|Any CPU
		{E5C24D2B-8CAD-431D-B032-A1E463A8FF49}.Release|x64.ActiveCfg = Release|Any CPU
		{E5C24D2B-8CAD-431D-B032-A1E463A8FF49}.Release|x64.Build.0 = Release|Any CPU
		{E5C24D2B-8CAD-431D-B032-A1E463A8FF49}.Release|x86.ActiveCfg = Release|Any CPU
		{E5C24D2B-8CAD-431D-B032-A1E463A8FF49}.Release|x86.Build.0 = Release|Any CPU
		{E9273957-D3E4-4C40-B926-32AE28F52991}.Debug|Any CPU.ActiveCfg = Debug|Any CPU
		{E9273957-D3E4-4C40-B926-32AE28F52991}.Debug|Any CPU.Build.0 = Debug|Any CPU
		{E9273957-D3E4-4C40-B926-32AE28F52991}.Debug|x64.ActiveCfg = Debug|Any CPU
		{E9273957-D3E4-4C40-B926-32AE28F52991}.Debug|x64.Build.0 = Debug|Any CPU
		{E9273957-D3E4-4C40-B926-32AE28F52991}.Debug|x86.ActiveCfg = Debug|Any CPU
		{E9273957-D3E4-4C40-B926-32AE28F52991}.Debug|x86.Build.0 = Debug|Any CPU
		{E9273957-D3E4-4C40-B926-32AE28F52991}.Release|Any CPU.ActiveCfg = Release|Any CPU
		{E9273957-D3E4-4C40-B926-32AE28F52991}.Release|Any CPU.Build.0 = Release|Any CPU
		{E9273957-D3E4-4C40-B926-32AE28F52991}.Release|x64.ActiveCfg = Release|Any CPU
		{E9273957-D3E4-4C40-B926-32AE28F52991}.Release|x64.Build.0 = Release|Any CPU
		{E9273957-D3E4-4C40-B926-32AE28F52991}.Release|x86.ActiveCfg = Release|Any CPU
		{E9273957-D3E4-4C40-B926-32AE28F52991}.Release|x86.Build.0 = Release|Any CPU
		{5A501ADE-9B73-4B5F-887A-206148939986}.Debug|Any CPU.ActiveCfg = Debug|Any CPU
		{5A501ADE-9B73-4B5F-887A-206148939986}.Debug|Any CPU.Build.0 = Debug|Any CPU
		{5A501ADE-9B73-4B5F-887A-206148939986}.Debug|x64.ActiveCfg = Debug|Any CPU
		{5A501ADE-9B73-4B5F-887A-206148939986}.Debug|x64.Build.0 = Debug|Any CPU
		{5A501ADE-9B73-4B5F-887A-206148939986}.Debug|x86.ActiveCfg = Debug|Any CPU
		{5A501ADE-9B73-4B5F-887A-206148939986}.Debug|x86.Build.0 = Debug|Any CPU
		{5A501ADE-9B73-4B5F-887A-206148939986}.Release|Any CPU.ActiveCfg = Release|Any CPU
		{5A501ADE-9B73-4B5F-887A-206148939986}.Release|Any CPU.Build.0 = Release|Any CPU
		{5A501ADE-9B73-4B5F-887A-206148939986}.Release|x64.ActiveCfg = Release|Any CPU
		{5A501ADE-9B73-4B5F-887A-206148939986}.Release|x64.Build.0 = Release|Any CPU
		{5A501ADE-9B73-4B5F-887A-206148939986}.Release|x86.ActiveCfg = Release|Any CPU
		{5A501ADE-9B73-4B5F-887A-206148939986}.Release|x86.Build.0 = Release|Any CPU
		{F2FD8099-0F55-448A-8E17-9438A77CBA85}.Debug|Any CPU.ActiveCfg = Debug|Any CPU
		{F2FD8099-0F55-448A-8E17-9438A77CBA85}.Debug|Any CPU.Build.0 = Debug|Any CPU
		{F2FD8099-0F55-448A-8E17-9438A77CBA85}.Debug|x64.ActiveCfg = Debug|Any CPU
		{F2FD8099-0F55-448A-8E17-9438A77CBA85}.Debug|x64.Build.0 = Debug|Any CPU
		{F2FD8099-0F55-448A-8E17-9438A77CBA85}.Debug|x86.ActiveCfg = Debug|Any CPU
		{F2FD8099-0F55-448A-8E17-9438A77CBA85}.Debug|x86.Build.0 = Debug|Any CPU
		{F2FD8099-0F55-448A-8E17-9438A77CBA85}.Release|Any CPU.ActiveCfg = Release|Any CPU
		{F2FD8099-0F55-448A-8E17-9438A77CBA85}.Release|Any CPU.Build.0 = Release|Any CPU
		{F2FD8099-0F55-448A-8E17-9438A77CBA85}.Release|x64.ActiveCfg = Release|Any CPU
		{F2FD8099-0F55-448A-8E17-9438A77CBA85}.Release|x64.Build.0 = Release|Any CPU
		{F2FD8099-0F55-448A-8E17-9438A77CBA85}.Release|x86.ActiveCfg = Release|Any CPU
		{F2FD8099-0F55-448A-8E17-9438A77CBA85}.Release|x86.Build.0 = Release|Any CPU
	EndGlobalSection
	GlobalSection(SolutionProperties) = preSolution
		HideSolutionNode = FALSE
	EndGlobalSection
	GlobalSection(NestedProjects) = preSolution
		{A2BBD98A-0862-414F-93A4-BAE0AE9AD654} = {0B5D4C83-181F-44AD-8F24-95599BFD66B8}
		{5261B584-C338-4573-B4A0-F76C56D89F6C} = {0B5D4C83-181F-44AD-8F24-95599BFD66B8}
		{58568DAD-EF5D-4CA9-9812-2FAE30B849DB} = {0B5D4C83-181F-44AD-8F24-95599BFD66B8}
		{7C01D118-BD40-4B0D-8728-6D61ED623081} = {73CF9B6D-0B40-422E-8F55-9D0C134E9E37}
		{5C693BE3-CD4A-40C9-8105-93681BF5B5A6} = {73CF9B6D-0B40-422E-8F55-9D0C134E9E37}
		{0BAAF301-23F3-49AC-B167-B8A88565F95B} = {73CF9B6D-0B40-422E-8F55-9D0C134E9E37}
		{1026C1CC-83E8-444C-9B16-28E68C50A727} = {DAAE6286-93E2-4F2B-81D2-A32A9F024595}
		{49146BDD-2797-4208-97CA-66811DF01FD2} = {0B5D4C83-181F-44AD-8F24-95599BFD66B8}
		{323E3AD6-158E-4381-A021-98ABF664F7A7} = {73CF9B6D-0B40-422E-8F55-9D0C134E9E37}
		{2198079C-5EF7-4E57-9B78-7086E0A40035} = {0B5D4C83-181F-44AD-8F24-95599BFD66B8}
		{B33DB0C4-15AD-49E5-8F63-9A03E2DCC70C} = {0B5D4C83-181F-44AD-8F24-95599BFD66B8}
		{ECAD36D8-53A0-43D8-9180-9E14FA2B2BA5} = {73CF9B6D-0B40-422E-8F55-9D0C134E9E37}
		{DAFA72E9-55C6-4E37-AF4A-4D672AE62F00} = {73CF9B6D-0B40-422E-8F55-9D0C134E9E37}
		{F3DA1D42-DB34-480B-924B-EEF32E3FFC12} = {73CF9B6D-0B40-422E-8F55-9D0C134E9E37}
		{5D03B21C-2BBB-4A0F-B199-602A1308F21F} = {0B5D4C83-181F-44AD-8F24-95599BFD66B8}
		{22803727-267C-49FE-A12B-2D5CF8780583} = {73CF9B6D-0B40-422E-8F55-9D0C134E9E37}
		{B960E03D-917A-4371-9AA2-C3561E264629} = {BAEC3F8D-3369-473F-ACB8-8DDC76EE83A7}
		{BE09EDF3-BFD5-4FB6-990D-94D926B9995D} = {164AB2B7-A244-4AC3-BACD-BEE65D137A15}
		{0DED2CA0-26FD-4911-B6BA-338BA9F8B927} = {BAEC3F8D-3369-473F-ACB8-8DDC76EE83A7}
		{05ACC859-B5B6-4B07-953B-44385A0F4EA0} = {BE09EDF3-BFD5-4FB6-990D-94D926B9995D}
		{BAEC3F8D-3369-473F-ACB8-8DDC76EE83A7} = {05ACC859-B5B6-4B07-953B-44385A0F4EA0}
		{84C64288-E7DC-4316-8D4D-CFBF39865FFE} = {05ACC859-B5B6-4B07-953B-44385A0F4EA0}
		{D908230C-35FD-4ACE-AABA-6A842609B9C6} = {BE09EDF3-BFD5-4FB6-990D-94D926B9995D}
		{BAFBC98B-366A-4206-B382-1944E3B7021C} = {D908230C-35FD-4ACE-AABA-6A842609B9C6}
		{786100F3-FBC1-4B03-8B64-15EE79FDF49D} = {05ACC859-B5B6-4B07-953B-44385A0F4EA0}
		{E47A4CE6-3AD6-46FA-99EF-C25B5BE1394B} = {DC69ABB7-D50B-4272-AB10-369CBDBBFCCD}
		{CD0FE2E2-8AFE-4E2F-9870-D4018125F8B7} = {E47A4CE6-3AD6-46FA-99EF-C25B5BE1394B}
		{4F8A70F3-604B-432D-AA92-F0085F138082} = {E47A4CE6-3AD6-46FA-99EF-C25B5BE1394B}
		{DC69ABB7-D50B-4272-AB10-369CBDBBFCCD} = {BE09EDF3-BFD5-4FB6-990D-94D926B9995D}
		{28FAD645-A0B1-473F-9746-3BDE9BCCB05B} = {DC69ABB7-D50B-4272-AB10-369CBDBBFCCD}
		{1E354EB2-1924-484B-8426-6DD220C50F9F} = {DC69ABB7-D50B-4272-AB10-369CBDBBFCCD}
		{7C4A3779-7963-456D-9197-CAE3571812FD} = {E47A4CE6-3AD6-46FA-99EF-C25B5BE1394B}
		{00D895E5-964B-4BBE-A657-44134D360044} = {28FAD645-A0B1-473F-9746-3BDE9BCCB05B}
		{EA12E7E4-4429-473D-8D13-2982FD7E21F8} = {28FAD645-A0B1-473F-9746-3BDE9BCCB05B}
		{C1ED9BF0-21B6-4A52-BB22-1E066C1AB097} = {1E354EB2-1924-484B-8426-6DD220C50F9F}
		{2BD7039E-A8B1-4FB3-93CE-D4D26302213E} = {1E354EB2-1924-484B-8426-6DD220C50F9F}
		{E5C24D2B-8CAD-431D-B032-A1E463A8FF49} = {1E354EB2-1924-484B-8426-6DD220C50F9F}
		{CD6AC565-93DA-4E16-8220-1869E74D00B1} = {DC69ABB7-D50B-4272-AB10-369CBDBBFCCD}
		{E9273957-D3E4-4C40-B926-32AE28F52991} = {CD6AC565-93DA-4E16-8220-1869E74D00B1}
		{5A501ADE-9B73-4B5F-887A-206148939986} = {CD6AC565-93DA-4E16-8220-1869E74D00B1}
		{F2FD8099-0F55-448A-8E17-9438A77CBA85} = {CD6AC565-93DA-4E16-8220-1869E74D00B1}
	EndGlobalSection
	GlobalSection(ExtensibilityGlobals) = postSolution
		SolutionGuid = {2C86AC5B-B946-48AD-A3A5-0E1A29EDA4CF}
	EndGlobalSection
EndGlobal
